// !$*UTF8*$!
{
	archiveVersion = 1;
	classes = {
	};
	objectVersion = 56;
	objects = {

/* Begin PBXBuildFile section */
		692BCDE92AC1754700F71FA4 /* IngredientRepository.swift in Sources */ = {isa = PBXBuildFile; fileRef = 692BCDE82AC1754700F71FA4 /* IngredientRepository.swift */; };
		692BCDEB2AC1778C00F71FA4 /* IngredientUseCase.swift in Sources */ = {isa = PBXBuildFile; fileRef = 692BCDEA2AC1778C00F71FA4 /* IngredientUseCase.swift */; };
		692BCDED2AC177C300F71FA4 /* UserIngredientUseCase.swift in Sources */ = {isa = PBXBuildFile; fileRef = 692BCDEC2AC177C300F71FA4 /* UserIngredientUseCase.swift */; };
		692BCDF12AC1A84900F71FA4 /* DependencInjetion+Container.swift in Sources */ = {isa = PBXBuildFile; fileRef = 692BCDF02AC1A84900F71FA4 /* DependencInjetion+Container.swift */; };
		698BE6FA2A0D3375007D0F09 /* TextScanButtonGroupView.swift in Sources */ = {isa = PBXBuildFile; fileRef = 698BE6F92A0D3375007D0F09 /* TextScanButtonGroupView.swift */; };
		698BE6FE2A121CBA007D0F09 /* CopyClipboardButton.swift in Sources */ = {isa = PBXBuildFile; fileRef = 698BE6FD2A121CBA007D0F09 /* CopyClipboardButton.swift */; };
		69920EA02AEE86640047818B /* AppSettingsUseCase.swift in Sources */ = {isa = PBXBuildFile; fileRef = 69920E9F2AEE86640047818B /* AppSettingsUseCase.swift */; };
		69920EA22AF3F6700047818B /* AppRepository.swift in Sources */ = {isa = PBXBuildFile; fileRef = 69920EA12AF3F6700047818B /* AppRepository.swift */; };
		69920EA42AF3F6910047818B /* UserDefaultsAppRepository.swift in Sources */ = {isa = PBXBuildFile; fileRef = 69920EA32AF3F6910047818B /* UserDefaultsAppRepository.swift */; };
		699511422AF931D300BF92F0 /* PasteTextUseCase.swift in Sources */ = {isa = PBXBuildFile; fileRef = 699511412AF931D300BF92F0 /* PasteTextUseCase.swift */; };
		69CCD4F32A066452004D1ED1 /* AllergyScannerApp.swift in Sources */ = {isa = PBXBuildFile; fileRef = 69CCD4F22A066452004D1ED1 /* AllergyScannerApp.swift */; };
		69CCD4F52A066452004D1ED1 /* ContentView.swift in Sources */ = {isa = PBXBuildFile; fileRef = 69CCD4F42A066452004D1ED1 /* ContentView.swift */; };
		69CCD4F72A066454004D1ED1 /* Assets.xcassets in Resources */ = {isa = PBXBuildFile; fileRef = 69CCD4F62A066454004D1ED1 /* Assets.xcassets */; };
		69CCD4FB2A066454004D1ED1 /* Preview Assets.xcassets in Resources */ = {isa = PBXBuildFile; fileRef = 69CCD4FA2A066454004D1ED1 /* Preview Assets.xcassets */; };
		69CCD5052A066454004D1ED1 /* AllergyScannerTests.swift in Sources */ = {isa = PBXBuildFile; fileRef = 69CCD5042A066454004D1ED1 /* AllergyScannerTests.swift */; };
		69CCD50F2A066454004D1ED1 /* AllergyScannerUITests.swift in Sources */ = {isa = PBXBuildFile; fileRef = 69CCD50E2A066454004D1ED1 /* AllergyScannerUITests.swift */; };
		69CCD5112A066454004D1ED1 /* AllergyScannerUITestsLaunchTests.swift in Sources */ = {isa = PBXBuildFile; fileRef = 69CCD5102A066454004D1ED1 /* AllergyScannerUITestsLaunchTests.swift */; };
		69CCD5212A068387004D1ED1 /* Ingredient.swift in Sources */ = {isa = PBXBuildFile; fileRef = 69CCD5202A068387004D1ED1 /* Ingredient.swift */; };
		69CCD5242A068668004D1ED1 /* IngredientRepositoryImpl.swift in Sources */ = {isa = PBXBuildFile; fileRef = 69CCD5232A068668004D1ED1 /* IngredientRepositoryImpl.swift */; };
		69CCD5272A08221F004D1ED1 /* ScanView.swift in Sources */ = {isa = PBXBuildFile; fileRef = 69CCD5262A08221F004D1ED1 /* ScanView.swift */; };
		69CCD5292A082256004D1ED1 /* SaveIngredientsView.swift in Sources */ = {isa = PBXBuildFile; fileRef = 69CCD5282A082256004D1ED1 /* SaveIngredientsView.swift */; };
		69CCD52B2A08243D004D1ED1 /* ScanViewModel.swift in Sources */ = {isa = PBXBuildFile; fileRef = 69CCD52A2A08243D004D1ED1 /* ScanViewModel.swift */; };
		69CCD52D2A08252D004D1ED1 /* SaveIngredientsViewModel.swift in Sources */ = {isa = PBXBuildFile; fileRef = 69CCD52C2A08252D004D1ED1 /* SaveIngredientsViewModel.swift */; };
		69CCD52F2A0825DE004D1ED1 /* String+Extension.swift in Sources */ = {isa = PBXBuildFile; fileRef = 69CCD52E2A0825DE004D1ED1 /* String+Extension.swift */; };
		69CCD5312A0840D2004D1ED1 /* View+Extension.swift in Sources */ = {isa = PBXBuildFile; fileRef = 69CCD5302A0840D2004D1ED1 /* View+Extension.swift */; };
		69CCD5352A094015004D1ED1 /* MyIngridientsView.swift in Sources */ = {isa = PBXBuildFile; fileRef = 69CCD5342A094015004D1ED1 /* MyIngridientsView.swift */; };
		69CCD5372A094029004D1ED1 /* MyIngridientsViewModel.swift in Sources */ = {isa = PBXBuildFile; fileRef = 69CCD5362A094029004D1ED1 /* MyIngridientsViewModel.swift */; };
		69CCD5392A095278004D1ED1 /* CameraController.swift in Sources */ = {isa = PBXBuildFile; fileRef = 69CCD5382A095278004D1ED1 /* CameraController.swift */; };
		69CCD53C2A097A35004D1ED1 /* ClearAllButton.swift in Sources */ = {isa = PBXBuildFile; fileRef = 69CCD53B2A097A35004D1ED1 /* ClearAllButton.swift */; };
		69CCD5422A0A550D004D1ED1 /* TextFile.swift in Sources */ = {isa = PBXBuildFile; fileRef = 69CCD5412A0A550D004D1ED1 /* TextFile.swift */; };
		69CCD5452A0A8C1B004D1ED1 /* IngridientTextEditor.swift in Sources */ = {isa = PBXBuildFile; fileRef = 69CCD5442A0A8C1B004D1ED1 /* IngridientTextEditor.swift */; };
		69CCD5482A0AC302004D1ED1 /* ModernListRow.swift in Sources */ = {isa = PBXBuildFile; fileRef = 69CCD5472A0AC302004D1ED1 /* ModernListRow.swift */; };
		69CCD54D2A0BBE4D004D1ED1 /* HealthKitManager.swift in Sources */ = {isa = PBXBuildFile; fileRef = 69CCD54C2A0BBE4D004D1ED1 /* HealthKitManager.swift */; };
		69CCD55A2A0BD77F004D1ED1 /* ScanUseCase.swift in Sources */ = {isa = PBXBuildFile; fileRef = 69CCD5592A0BD77F004D1ED1 /* ScanUseCase.swift */; };
		69CCD55E2A0BD84F004D1ED1 /* ScanDataRepository.swift in Sources */ = {isa = PBXBuildFile; fileRef = 69CCD55D2A0BD84F004D1ED1 /* ScanDataRepository.swift */; };
		69CCD5652A0BFC63004D1ED1 /* ImportIngridientUseCase.swift in Sources */ = {isa = PBXBuildFile; fileRef = 69CCD5642A0BFC63004D1ED1 /* ImportIngridientUseCase.swift */; };
		69EB4E872AC0B78F00BB0231 /* Factory in Frameworks */ = {isa = PBXBuildFile; productRef = 69EB4E862AC0B78F00BB0231 /* Factory */; };
/* End PBXBuildFile section */

/* Begin PBXContainerItemProxy section */
		69CCD5012A066454004D1ED1 /* PBXContainerItemProxy */ = {
			isa = PBXContainerItemProxy;
			containerPortal = 69CCD4E72A066452004D1ED1 /* Project object */;
			proxyType = 1;
			remoteGlobalIDString = 69CCD4EE2A066452004D1ED1;
			remoteInfo = AllergyScanner;
		};
		69CCD50B2A066454004D1ED1 /* PBXContainerItemProxy */ = {
			isa = PBXContainerItemProxy;
			containerPortal = 69CCD4E72A066452004D1ED1 /* Project object */;
			proxyType = 1;
			remoteGlobalIDString = 69CCD4EE2A066452004D1ED1;
			remoteInfo = AllergyScanner;
		};
/* End PBXContainerItemProxy section */

/* Begin PBXFileReference section */
		692BCDE82AC1754700F71FA4 /* IngredientRepository.swift */ = {isa = PBXFileReference; lastKnownFileType = sourcecode.swift; path = IngredientRepository.swift; sourceTree = "<group>"; };
		692BCDEA2AC1778C00F71FA4 /* IngredientUseCase.swift */ = {isa = PBXFileReference; lastKnownFileType = sourcecode.swift; path = IngredientUseCase.swift; sourceTree = "<group>"; };
		692BCDEC2AC177C300F71FA4 /* UserIngredientUseCase.swift */ = {isa = PBXFileReference; lastKnownFileType = sourcecode.swift; path = UserIngredientUseCase.swift; sourceTree = "<group>"; };
		692BCDF02AC1A84900F71FA4 /* DependencInjetion+Container.swift */ = {isa = PBXFileReference; lastKnownFileType = sourcecode.swift; path = "DependencInjetion+Container.swift"; sourceTree = "<group>"; };
		698BE6F92A0D3375007D0F09 /* TextScanButtonGroupView.swift */ = {isa = PBXFileReference; lastKnownFileType = sourcecode.swift; path = TextScanButtonGroupView.swift; sourceTree = "<group>"; };
		698BE6FD2A121CBA007D0F09 /* CopyClipboardButton.swift */ = {isa = PBXFileReference; lastKnownFileType = sourcecode.swift; path = CopyClipboardButton.swift; sourceTree = "<group>"; };
		69920E9F2AEE86640047818B /* AppSettingsUseCase.swift */ = {isa = PBXFileReference; lastKnownFileType = sourcecode.swift; path = AppSettingsUseCase.swift; sourceTree = "<group>"; };
		69920EA12AF3F6700047818B /* AppRepository.swift */ = {isa = PBXFileReference; lastKnownFileType = sourcecode.swift; path = AppRepository.swift; sourceTree = "<group>"; };
		69920EA32AF3F6910047818B /* UserDefaultsAppRepository.swift */ = {isa = PBXFileReference; lastKnownFileType = sourcecode.swift; path = UserDefaultsAppRepository.swift; sourceTree = "<group>"; };
		699511412AF931D300BF92F0 /* PasteTextUseCase.swift */ = {isa = PBXFileReference; fileEncoding = 4; lastKnownFileType = sourcecode.swift; path = PasteTextUseCase.swift; sourceTree = "<group>"; };
		69CCD4EF2A066452004D1ED1 /* AllergyScanner.app */ = {isa = PBXFileReference; explicitFileType = wrapper.application; includeInIndex = 0; path = AllergyScanner.app; sourceTree = BUILT_PRODUCTS_DIR; };
		69CCD4F22A066452004D1ED1 /* AllergyScannerApp.swift */ = {isa = PBXFileReference; lastKnownFileType = sourcecode.swift; path = AllergyScannerApp.swift; sourceTree = "<group>"; };
		69CCD4F42A066452004D1ED1 /* ContentView.swift */ = {isa = PBXFileReference; lastKnownFileType = sourcecode.swift; path = ContentView.swift; sourceTree = "<group>"; };
		69CCD4F62A066454004D1ED1 /* Assets.xcassets */ = {isa = PBXFileReference; lastKnownFileType = folder.assetcatalog; path = Assets.xcassets; sourceTree = "<group>"; };
		69CCD4F82A066454004D1ED1 /* AllergyScanner.entitlements */ = {isa = PBXFileReference; lastKnownFileType = text.plist.entitlements; path = AllergyScanner.entitlements; sourceTree = "<group>"; };
		69CCD4FA2A066454004D1ED1 /* Preview Assets.xcassets */ = {isa = PBXFileReference; lastKnownFileType = folder.assetcatalog; path = "Preview Assets.xcassets"; sourceTree = "<group>"; };
		69CCD5002A066454004D1ED1 /* AllergyScannerTests.xctest */ = {isa = PBXFileReference; explicitFileType = wrapper.cfbundle; includeInIndex = 0; path = AllergyScannerTests.xctest; sourceTree = BUILT_PRODUCTS_DIR; };
		69CCD5042A066454004D1ED1 /* AllergyScannerTests.swift */ = {isa = PBXFileReference; lastKnownFileType = sourcecode.swift; path = AllergyScannerTests.swift; sourceTree = "<group>"; };
		69CCD50A2A066454004D1ED1 /* AllergyScannerUITests.xctest */ = {isa = PBXFileReference; explicitFileType = wrapper.cfbundle; includeInIndex = 0; path = AllergyScannerUITests.xctest; sourceTree = BUILT_PRODUCTS_DIR; };
		69CCD50E2A066454004D1ED1 /* AllergyScannerUITests.swift */ = {isa = PBXFileReference; lastKnownFileType = sourcecode.swift; path = AllergyScannerUITests.swift; sourceTree = "<group>"; };
		69CCD5102A066454004D1ED1 /* AllergyScannerUITestsLaunchTests.swift */ = {isa = PBXFileReference; lastKnownFileType = sourcecode.swift; path = AllergyScannerUITestsLaunchTests.swift; sourceTree = "<group>"; };
		69CCD5202A068387004D1ED1 /* Ingredient.swift */ = {isa = PBXFileReference; lastKnownFileType = sourcecode.swift; path = Ingredient.swift; sourceTree = "<group>"; };
		69CCD5232A068668004D1ED1 /* IngredientRepositoryImpl.swift */ = {isa = PBXFileReference; lastKnownFileType = sourcecode.swift; path = IngredientRepositoryImpl.swift; sourceTree = "<group>"; };
		69CCD5262A08221F004D1ED1 /* ScanView.swift */ = {isa = PBXFileReference; lastKnownFileType = sourcecode.swift; path = ScanView.swift; sourceTree = "<group>"; };
		69CCD5282A082256004D1ED1 /* SaveIngredientsView.swift */ = {isa = PBXFileReference; lastKnownFileType = sourcecode.swift; path = SaveIngredientsView.swift; sourceTree = "<group>"; };
		69CCD52A2A08243D004D1ED1 /* ScanViewModel.swift */ = {isa = PBXFileReference; lastKnownFileType = sourcecode.swift; path = ScanViewModel.swift; sourceTree = "<group>"; };
		69CCD52C2A08252D004D1ED1 /* SaveIngredientsViewModel.swift */ = {isa = PBXFileReference; lastKnownFileType = sourcecode.swift; path = SaveIngredientsViewModel.swift; sourceTree = "<group>"; };
		69CCD52E2A0825DE004D1ED1 /* String+Extension.swift */ = {isa = PBXFileReference; lastKnownFileType = sourcecode.swift; path = "String+Extension.swift"; sourceTree = "<group>"; };
		69CCD5302A0840D2004D1ED1 /* View+Extension.swift */ = {isa = PBXFileReference; lastKnownFileType = sourcecode.swift; path = "View+Extension.swift"; sourceTree = "<group>"; };
		69CCD5342A094015004D1ED1 /* MyIngridientsView.swift */ = {isa = PBXFileReference; lastKnownFileType = sourcecode.swift; path = MyIngridientsView.swift; sourceTree = "<group>"; };
		69CCD5362A094029004D1ED1 /* MyIngridientsViewModel.swift */ = {isa = PBXFileReference; lastKnownFileType = sourcecode.swift; path = MyIngridientsViewModel.swift; sourceTree = "<group>"; };
		69CCD5382A095278004D1ED1 /* CameraController.swift */ = {isa = PBXFileReference; lastKnownFileType = sourcecode.swift; path = CameraController.swift; sourceTree = "<group>"; };
		69CCD53B2A097A35004D1ED1 /* ClearAllButton.swift */ = {isa = PBXFileReference; lastKnownFileType = sourcecode.swift; path = ClearAllButton.swift; sourceTree = "<group>"; };
		69CCD5412A0A550D004D1ED1 /* TextFile.swift */ = {isa = PBXFileReference; lastKnownFileType = sourcecode.swift; path = TextFile.swift; sourceTree = "<group>"; };
		69CCD5442A0A8C1B004D1ED1 /* IngridientTextEditor.swift */ = {isa = PBXFileReference; lastKnownFileType = sourcecode.swift; path = IngridientTextEditor.swift; sourceTree = "<group>"; };
		69CCD5472A0AC302004D1ED1 /* ModernListRow.swift */ = {isa = PBXFileReference; lastKnownFileType = sourcecode.swift; path = ModernListRow.swift; sourceTree = "<group>"; };
		69CCD54C2A0BBE4D004D1ED1 /* HealthKitManager.swift */ = {isa = PBXFileReference; lastKnownFileType = sourcecode.swift; path = HealthKitManager.swift; sourceTree = "<group>"; };
		69CCD5592A0BD77F004D1ED1 /* ScanUseCase.swift */ = {isa = PBXFileReference; lastKnownFileType = sourcecode.swift; path = ScanUseCase.swift; sourceTree = "<group>"; };
		69CCD55D2A0BD84F004D1ED1 /* ScanDataRepository.swift */ = {isa = PBXFileReference; lastKnownFileType = sourcecode.swift; path = ScanDataRepository.swift; sourceTree = "<group>"; };
		69CCD5642A0BFC63004D1ED1 /* ImportIngridientUseCase.swift */ = {isa = PBXFileReference; lastKnownFileType = sourcecode.swift; path = ImportIngridientUseCase.swift; sourceTree = "<group>"; };
/* End PBXFileReference section */

/* Begin PBXFrameworksBuildPhase section */
		69CCD4EC2A066452004D1ED1 /* Frameworks */ = {
			isa = PBXFrameworksBuildPhase;
			buildActionMask = 2147483647;
			files = (
				69EB4E872AC0B78F00BB0231 /* Factory in Frameworks */,
			);
			runOnlyForDeploymentPostprocessing = 0;
		};
		69CCD4FD2A066454004D1ED1 /* Frameworks */ = {
			isa = PBXFrameworksBuildPhase;
			buildActionMask = 2147483647;
			files = (
			);
			runOnlyForDeploymentPostprocessing = 0;
		};
		69CCD5072A066454004D1ED1 /* Frameworks */ = {
			isa = PBXFrameworksBuildPhase;
			buildActionMask = 2147483647;
			files = (
			);
			runOnlyForDeploymentPostprocessing = 0;
		};
/* End PBXFrameworksBuildPhase section */

/* Begin PBXGroup section */
		695B539E2AF9343A001A7D16 /* Extensions */ = {
			isa = PBXGroup;
			children = (
				69CCD52E2A0825DE004D1ED1 /* String+Extension.swift */,
				69CCD5302A0840D2004D1ED1 /* View+Extension.swift */,
			);
			path = Extensions;
			sourceTree = "<group>";
		};
		695B539F2AF935BD001A7D16 /* ModernListRow */ = {
			isa = PBXGroup;
			children = (
				698BE6FD2A121CBA007D0F09 /* CopyClipboardButton.swift */,
				69CCD5472A0AC302004D1ED1 /* ModernListRow.swift */,
			);
			path = ModernListRow;
			sourceTree = "<group>";
		};
		697E832C2AF930640002706D /* Model */ = {
			isa = PBXGroup;
			children = (
				69CCD5202A068387004D1ED1 /* Ingredient.swift */,
				69CCD5412A0A550D004D1ED1 /* TextFile.swift */,
			);
			path = Model;
			sourceTree = "<group>";
		};
		697E832D2AF9306A0002706D /* Repository */ = {
			isa = PBXGroup;
			children = (
				69920EA12AF3F6700047818B /* AppRepository.swift */,
				69CCD55D2A0BD84F004D1ED1 /* ScanDataRepository.swift */,
				692BCDE82AC1754700F71FA4 /* IngredientRepository.swift */,
			);
			path = Repository;
			sourceTree = "<group>";
		};
		697E832E2AF930720002706D /* UseCase */ = {
			isa = PBXGroup;
			children = (
				697E83332AF9314C0002706D /* PasteText */,
				697E83322AF931430002706D /* AppSettings */,
				697E83312AF9313A0002706D /* ImportIngridient */,
				697E83302AF930ED0002706D /* Scan */,
				697E832F2AF930900002706D /* Ingridient */,
			);
			path = UseCase;
			sourceTree = "<group>";
		};
		697E832F2AF930900002706D /* Ingridient */ = {
			isa = PBXGroup;
			children = (
				692BCDEA2AC1778C00F71FA4 /* IngredientUseCase.swift */,
				692BCDEC2AC177C300F71FA4 /* UserIngredientUseCase.swift */,
			);
			path = Ingridient;
			sourceTree = "<group>";
		};
		697E83302AF930ED0002706D /* Scan */ = {
			isa = PBXGroup;
			children = (
				69CCD5592A0BD77F004D1ED1 /* ScanUseCase.swift */,
			);
			path = Scan;
			sourceTree = "<group>";
		};
		697E83312AF9313A0002706D /* ImportIngridient */ = {
			isa = PBXGroup;
			children = (
				69CCD5642A0BFC63004D1ED1 /* ImportIngridientUseCase.swift */,
			);
			path = ImportIngridient;
			sourceTree = "<group>";
		};
		697E83322AF931430002706D /* AppSettings */ = {
			isa = PBXGroup;
			children = (
				69920E9F2AEE86640047818B /* AppSettingsUseCase.swift */,
			);
			path = AppSettings;
			sourceTree = "<group>";
		};
		697E83332AF9314C0002706D /* PasteText */ = {
			isa = PBXGroup;
			children = (
				699511412AF931D300BF92F0 /* PasteTextUseCase.swift */,
			);
			path = PasteText;
			sourceTree = "<group>";
		};
		699511432AF931FD00BF92F0 /* Repository */ = {
			isa = PBXGroup;
			children = (
				69CCD54C2A0BBE4D004D1ED1 /* HealthKitManager.swift */,
				69CCD5232A068668004D1ED1 /* IngredientRepositoryImpl.swift */,
				69920EA32AF3F6910047818B /* UserDefaultsAppRepository.swift */,
			);
			path = Repository;
			sourceTree = "<group>";
		};
		699511442AF9320700BF92F0 /* DataSources */ = {
			isa = PBXGroup;
			children = (
			);
			path = DataSources;
			sourceTree = "<group>";
		};
		69CCD4E62A066452004D1ED1 = {
			isa = PBXGroup;
			children = (
				69CCD4F12A066452004D1ED1 /* AllergyScanner */,
				69CCD5032A066454004D1ED1 /* AllergyScannerTests */,
				69CCD50D2A066454004D1ED1 /* AllergyScannerUITests */,
				69CCD4F02A066452004D1ED1 /* Products */,
			);
			sourceTree = "<group>";
		};
		69CCD4F02A066452004D1ED1 /* Products */ = {
			isa = PBXGroup;
			children = (
				69CCD4EF2A066452004D1ED1 /* AllergyScanner.app */,
				69CCD5002A066454004D1ED1 /* AllergyScannerTests.xctest */,
				69CCD50A2A066454004D1ED1 /* AllergyScannerUITests.xctest */,
			);
			name = Products;
			sourceTree = "<group>";
		};
		69CCD4F12A066452004D1ED1 /* AllergyScanner */ = {
			isa = PBXGroup;
			children = (
				69CCD4F82A066454004D1ED1 /* AllergyScanner.entitlements */,
				69CCD4F22A066452004D1ED1 /* AllergyScannerApp.swift */,
				69CCD4F62A066454004D1ED1 /* Assets.xcassets */,
				69CCD4F42A066452004D1ED1 /* ContentView.swift */,
				69CCD5522A0BD536004D1ED1 /* Core */,
				69F754BF2AF92FE8002A64EE /* Data */,
				69F754C02AF93001002A64EE /* Domain */,
				69CCD5252A082205004D1ED1 /* Presentation */,
				69CCD4F92A066454004D1ED1 /* Preview Content */,
			);
			path = AllergyScanner;
			sourceTree = "<group>";
		};
		69CCD4F92A066454004D1ED1 /* Preview Content */ = {
			isa = PBXGroup;
			children = (
				69CCD4FA2A066454004D1ED1 /* Preview Assets.xcassets */,
			);
			path = "Preview Content";
			sourceTree = "<group>";
		};
		69CCD5032A066454004D1ED1 /* AllergyScannerTests */ = {
			isa = PBXGroup;
			children = (
				69CCD5042A066454004D1ED1 /* AllergyScannerTests.swift */,
			);
			path = AllergyScannerTests;
			sourceTree = "<group>";
		};
		69CCD50D2A066454004D1ED1 /* AllergyScannerUITests */ = {
			isa = PBXGroup;
			children = (
				69CCD50E2A066454004D1ED1 /* AllergyScannerUITests.swift */,
				69CCD5102A066454004D1ED1 /* AllergyScannerUITestsLaunchTests.swift */,
			);
			path = AllergyScannerUITests;
			sourceTree = "<group>";
		};
		69CCD5252A082205004D1ED1 /* Presentation */ = {
			isa = PBXGroup;
			children = (
				69CCD53A2A097A1B004D1ED1 /* Common */,
				695B539F2AF935BD001A7D16 /* ModernListRow */,
				69CCD53F2A0A5480004D1ED1 /* MyIngridients */,
				69CCD53E2A0A5465004D1ED1 /* SaveIngredients */,
				69CCD53D2A0A544D004D1ED1 /* Scan */,
			);
			path = Presentation;
			sourceTree = "<group>";
		};
		69CCD53A2A097A1B004D1ED1 /* Common */ = {
			isa = PBXGroup;
			children = (
				69CCD5382A095278004D1ED1 /* CameraController.swift */,
				69CCD53B2A097A35004D1ED1 /* ClearAllButton.swift */,
				69CCD5442A0A8C1B004D1ED1 /* IngridientTextEditor.swift */,
				698BE6F92A0D3375007D0F09 /* TextScanButtonGroupView.swift */,
				695B539E2AF9343A001A7D16 /* Extensions */,
			);
			path = Common;
			sourceTree = "<group>";
		};
		69CCD53D2A0A544D004D1ED1 /* Scan */ = {
			isa = PBXGroup;
			children = (
				69CCD5262A08221F004D1ED1 /* ScanView.swift */,
				69CCD52A2A08243D004D1ED1 /* ScanViewModel.swift */,
			);
			path = Scan;
			sourceTree = "<group>";
		};
		69CCD53E2A0A5465004D1ED1 /* SaveIngredients */ = {
			isa = PBXGroup;
			children = (
				69CCD5282A082256004D1ED1 /* SaveIngredientsView.swift */,
				69CCD52C2A08252D004D1ED1 /* SaveIngredientsViewModel.swift */,
			);
			path = SaveIngredients;
			sourceTree = "<group>";
		};
		69CCD53F2A0A5480004D1ED1 /* MyIngridients */ = {
			isa = PBXGroup;
			children = (
				69CCD5342A094015004D1ED1 /* MyIngridientsView.swift */,
				69CCD5362A094029004D1ED1 /* MyIngridientsViewModel.swift */,
			);
			path = MyIngridients;
			sourceTree = "<group>";
		};
		69CCD5522A0BD536004D1ED1 /* Core */ = {
			isa = PBXGroup;
			children = (
				692BCDF02AC1A84900F71FA4 /* DependencInjetion+Container.swift */,
			);
			path = Core;
			sourceTree = "<group>";
		};
		69F754BF2AF92FE8002A64EE /* Data */ = {
			isa = PBXGroup;
			children = (
				699511442AF9320700BF92F0 /* DataSources */,
				699511432AF931FD00BF92F0 /* Repository */,
			);
			path = Data;
			sourceTree = "<group>";
		};
		69F754C02AF93001002A64EE /* Domain */ = {
			isa = PBXGroup;
			children = (
				697E832C2AF930640002706D /* Model */,
				697E832D2AF9306A0002706D /* Repository */,
				697E832E2AF930720002706D /* UseCase */,
			);
			path = Domain;
			sourceTree = "<group>";
		};
/* End PBXGroup section */

/* Begin PBXNativeTarget section */
		69CCD4EE2A066452004D1ED1 /* AllergyScanner */ = {
			isa = PBXNativeTarget;
			buildConfigurationList = 69CCD5142A066454004D1ED1 /* Build configuration list for PBXNativeTarget "AllergyScanner" */;
			buildPhases = (
				69CCD4EB2A066452004D1ED1 /* Sources */,
				69CCD4EC2A066452004D1ED1 /* Frameworks */,
				69CCD4ED2A066452004D1ED1 /* Resources */,
			);
			buildRules = (
			);
			dependencies = (
			);
			name = AllergyScanner;
			packageProductDependencies = (
				69EB4E862AC0B78F00BB0231 /* Factory */,
			);
			productName = AllergyScanner;
			productReference = 69CCD4EF2A066452004D1ED1 /* AllergyScanner.app */;
			productType = "com.apple.product-type.application";
		};
		69CCD4FF2A066454004D1ED1 /* AllergyScannerTests */ = {
			isa = PBXNativeTarget;
			buildConfigurationList = 69CCD5172A066454004D1ED1 /* Build configuration list for PBXNativeTarget "AllergyScannerTests" */;
			buildPhases = (
				69CCD4FC2A066454004D1ED1 /* Sources */,
				69CCD4FD2A066454004D1ED1 /* Frameworks */,
				69CCD4FE2A066454004D1ED1 /* Resources */,
			);
			buildRules = (
			);
			dependencies = (
				69CCD5022A066454004D1ED1 /* PBXTargetDependency */,
			);
			name = AllergyScannerTests;
			productName = AllergyScannerTests;
			productReference = 69CCD5002A066454004D1ED1 /* AllergyScannerTests.xctest */;
			productType = "com.apple.product-type.bundle.unit-test";
		};
		69CCD5092A066454004D1ED1 /* AllergyScannerUITests */ = {
			isa = PBXNativeTarget;
			buildConfigurationList = 69CCD51A2A066454004D1ED1 /* Build configuration list for PBXNativeTarget "AllergyScannerUITests" */;
			buildPhases = (
				69CCD5062A066454004D1ED1 /* Sources */,
				69CCD5072A066454004D1ED1 /* Frameworks */,
				69CCD5082A066454004D1ED1 /* Resources */,
			);
			buildRules = (
			);
			dependencies = (
				69CCD50C2A066454004D1ED1 /* PBXTargetDependency */,
			);
			name = AllergyScannerUITests;
			productName = AllergyScannerUITests;
			productReference = 69CCD50A2A066454004D1ED1 /* AllergyScannerUITests.xctest */;
			productType = "com.apple.product-type.bundle.ui-testing";
		};
/* End PBXNativeTarget section */

/* Begin PBXProject section */
		69CCD4E72A066452004D1ED1 /* Project object */ = {
			isa = PBXProject;
			attributes = {
				BuildIndependentTargetsInParallel = 1;
				LastSwiftUpdateCheck = 1430;
				LastUpgradeCheck = 1430;
				TargetAttributes = {
					69CCD4EE2A066452004D1ED1 = {
						CreatedOnToolsVersion = 14.3;
					};
					69CCD4FF2A066454004D1ED1 = {
						CreatedOnToolsVersion = 14.3;
						TestTargetID = 69CCD4EE2A066452004D1ED1;
					};
					69CCD5092A066454004D1ED1 = {
						CreatedOnToolsVersion = 14.3;
						TestTargetID = 69CCD4EE2A066452004D1ED1;
					};
				};
			};
			buildConfigurationList = 69CCD4EA2A066452004D1ED1 /* Build configuration list for PBXProject "AllergyScanner" */;
			compatibilityVersion = "Xcode 14.0";
			developmentRegion = en;
			hasScannedForEncodings = 0;
			knownRegions = (
				en,
				Base,
			);
			mainGroup = 69CCD4E62A066452004D1ED1;
			packageReferences = (
				69EB4E852AC0B78F00BB0231 /* XCRemoteSwiftPackageReference "Factory" */,
			);
			productRefGroup = 69CCD4F02A066452004D1ED1 /* Products */;
			projectDirPath = "";
			projectRoot = "";
			targets = (
				69CCD4EE2A066452004D1ED1 /* AllergyScanner */,
				69CCD4FF2A066454004D1ED1 /* AllergyScannerTests */,
				69CCD5092A066454004D1ED1 /* AllergyScannerUITests */,
			);
		};
/* End PBXProject section */

/* Begin PBXResourcesBuildPhase section */
		69CCD4ED2A066452004D1ED1 /* Resources */ = {
			isa = PBXResourcesBuildPhase;
			buildActionMask = 2147483647;
			files = (
				69CCD4FB2A066454004D1ED1 /* Preview Assets.xcassets in Resources */,
				69CCD4F72A066454004D1ED1 /* Assets.xcassets in Resources */,
			);
			runOnlyForDeploymentPostprocessing = 0;
		};
		69CCD4FE2A066454004D1ED1 /* Resources */ = {
			isa = PBXResourcesBuildPhase;
			buildActionMask = 2147483647;
			files = (
			);
			runOnlyForDeploymentPostprocessing = 0;
		};
		69CCD5082A066454004D1ED1 /* Resources */ = {
			isa = PBXResourcesBuildPhase;
			buildActionMask = 2147483647;
			files = (
			);
			runOnlyForDeploymentPostprocessing = 0;
		};
/* End PBXResourcesBuildPhase section */

/* Begin PBXSourcesBuildPhase section */
		69CCD4EB2A066452004D1ED1 /* Sources */ = {
			isa = PBXSourcesBuildPhase;
			buildActionMask = 2147483647;
			files = (
				69CCD55A2A0BD77F004D1ED1 /* ScanUseCase.swift in Sources */,
				69CCD5212A068387004D1ED1 /* Ingredient.swift in Sources */,
				69CCD5482A0AC302004D1ED1 /* ModernListRow.swift in Sources */,
				69CCD52D2A08252D004D1ED1 /* SaveIngredientsViewModel.swift in Sources */,
				69CCD5312A0840D2004D1ED1 /* View+Extension.swift in Sources */,
				69CCD5242A068668004D1ED1 /* IngredientRepositoryImpl.swift in Sources */,
				698BE6FA2A0D3375007D0F09 /* TextScanButtonGroupView.swift in Sources */,
				692BCDED2AC177C300F71FA4 /* UserIngredientUseCase.swift in Sources */,
				69CCD5392A095278004D1ED1 /* CameraController.swift in Sources */,
				69CCD5452A0A8C1B004D1ED1 /* IngridientTextEditor.swift in Sources */,
				69CCD4F52A066452004D1ED1 /* ContentView.swift in Sources */,
				692BCDE92AC1754700F71FA4 /* IngredientRepository.swift in Sources */,
				69CCD5422A0A550D004D1ED1 /* TextFile.swift in Sources */,
				69CCD5372A094029004D1ED1 /* MyIngridientsViewModel.swift in Sources */,
				69920EA02AEE86640047818B /* AppSettingsUseCase.swift in Sources */,
				69CCD5652A0BFC63004D1ED1 /* ImportIngridientUseCase.swift in Sources */,
				69CCD54D2A0BBE4D004D1ED1 /* HealthKitManager.swift in Sources */,
				69CCD5292A082256004D1ED1 /* SaveIngredientsView.swift in Sources */,
				69920EA22AF3F6700047818B /* AppRepository.swift in Sources */,
				692BCDEB2AC1778C00F71FA4 /* IngredientUseCase.swift in Sources */,
				69CCD4F32A066452004D1ED1 /* AllergyScannerApp.swift in Sources */,
				69CCD55E2A0BD84F004D1ED1 /* ScanDataRepository.swift in Sources */,
				69920EA42AF3F6910047818B /* UserDefaultsAppRepository.swift in Sources */,
				69CCD5272A08221F004D1ED1 /* ScanView.swift in Sources */,
				698BE6FE2A121CBA007D0F09 /* CopyClipboardButton.swift in Sources */,
				69CCD52F2A0825DE004D1ED1 /* String+Extension.swift in Sources */,
				69CCD5352A094015004D1ED1 /* MyIngridientsView.swift in Sources */,
				699511422AF931D300BF92F0 /* PasteTextUseCase.swift in Sources */,
				69CCD52B2A08243D004D1ED1 /* ScanViewModel.swift in Sources */,
				69CCD53C2A097A35004D1ED1 /* ClearAllButton.swift in Sources */,
				692BCDF12AC1A84900F71FA4 /* DependencInjetion+Container.swift in Sources */,
			);
			runOnlyForDeploymentPostprocessing = 0;
		};
		69CCD4FC2A066454004D1ED1 /* Sources */ = {
			isa = PBXSourcesBuildPhase;
			buildActionMask = 2147483647;
			files = (
				69CCD5052A066454004D1ED1 /* AllergyScannerTests.swift in Sources */,
			);
			runOnlyForDeploymentPostprocessing = 0;
		};
		69CCD5062A066454004D1ED1 /* Sources */ = {
			isa = PBXSourcesBuildPhase;
			buildActionMask = 2147483647;
			files = (
				69CCD5112A066454004D1ED1 /* AllergyScannerUITestsLaunchTests.swift in Sources */,
				69CCD50F2A066454004D1ED1 /* AllergyScannerUITests.swift in Sources */,
			);
			runOnlyForDeploymentPostprocessing = 0;
		};
/* End PBXSourcesBuildPhase section */

/* Begin PBXTargetDependency section */
		69CCD5022A066454004D1ED1 /* PBXTargetDependency */ = {
			isa = PBXTargetDependency;
			target = 69CCD4EE2A066452004D1ED1 /* AllergyScanner */;
			targetProxy = 69CCD5012A066454004D1ED1 /* PBXContainerItemProxy */;
		};
		69CCD50C2A066454004D1ED1 /* PBXTargetDependency */ = {
			isa = PBXTargetDependency;
			target = 69CCD4EE2A066452004D1ED1 /* AllergyScanner */;
			targetProxy = 69CCD50B2A066454004D1ED1 /* PBXContainerItemProxy */;
		};
/* End PBXTargetDependency section */

/* Begin XCBuildConfiguration section */
		69CCD5122A066454004D1ED1 /* Debug */ = {
			isa = XCBuildConfiguration;
			buildSettings = {
				ALWAYS_SEARCH_USER_PATHS = NO;
				CLANG_ANALYZER_NONNULL = YES;
				CLANG_ANALYZER_NUMBER_OBJECT_CONVERSION = YES_AGGRESSIVE;
				CLANG_CXX_LANGUAGE_STANDARD = "gnu++20";
				CLANG_ENABLE_MODULES = YES;
				CLANG_ENABLE_OBJC_ARC = YES;
				CLANG_ENABLE_OBJC_WEAK = YES;
				CLANG_WARN_BLOCK_CAPTURE_AUTORELEASING = YES;
				CLANG_WARN_BOOL_CONVERSION = YES;
				CLANG_WARN_COMMA = YES;
				CLANG_WARN_CONSTANT_CONVERSION = YES;
				CLANG_WARN_DEPRECATED_OBJC_IMPLEMENTATIONS = YES;
				CLANG_WARN_DIRECT_OBJC_ISA_USAGE = YES_ERROR;
				CLANG_WARN_DOCUMENTATION_COMMENTS = YES;
				CLANG_WARN_EMPTY_BODY = YES;
				CLANG_WARN_ENUM_CONVERSION = YES;
				CLANG_WARN_INFINITE_RECURSION = YES;
				CLANG_WARN_INT_CONVERSION = YES;
				CLANG_WARN_NON_LITERAL_NULL_CONVERSION = YES;
				CLANG_WARN_OBJC_IMPLICIT_RETAIN_SELF = YES;
				CLANG_WARN_OBJC_LITERAL_CONVERSION = YES;
				CLANG_WARN_OBJC_ROOT_CLASS = YES_ERROR;
				CLANG_WARN_QUOTED_INCLUDE_IN_FRAMEWORK_HEADER = YES;
				CLANG_WARN_RANGE_LOOP_ANALYSIS = YES;
				CLANG_WARN_STRICT_PROTOTYPES = YES;
				CLANG_WARN_SUSPICIOUS_MOVE = YES;
				CLANG_WARN_UNGUARDED_AVAILABILITY = YES_AGGRESSIVE;
				CLANG_WARN_UNREACHABLE_CODE = YES;
				CLANG_WARN__DUPLICATE_METHOD_MATCH = YES;
				COPY_PHASE_STRIP = NO;
				DEBUG_INFORMATION_FORMAT = dwarf;
				ENABLE_STRICT_OBJC_MSGSEND = YES;
				ENABLE_TESTABILITY = YES;
				GCC_C_LANGUAGE_STANDARD = gnu11;
				GCC_DYNAMIC_NO_PIC = NO;
				GCC_NO_COMMON_BLOCKS = YES;
				GCC_OPTIMIZATION_LEVEL = 0;
				GCC_PREPROCESSOR_DEFINITIONS = (
					"DEBUG=1",
					"$(inherited)",
				);
				GCC_WARN_64_TO_32_BIT_CONVERSION = YES;
				GCC_WARN_ABOUT_RETURN_TYPE = YES_ERROR;
				GCC_WARN_UNDECLARED_SELECTOR = YES;
				GCC_WARN_UNINITIALIZED_AUTOS = YES_AGGRESSIVE;
				GCC_WARN_UNUSED_FUNCTION = YES;
				GCC_WARN_UNUSED_VARIABLE = YES;
				IPHONEOS_DEPLOYMENT_TARGET = 17.0;
				MACOSX_DEPLOYMENT_TARGET = 13.3;
				MTL_ENABLE_DEBUG_INFO = INCLUDE_SOURCE;
				MTL_FAST_MATH = YES;
				ONLY_ACTIVE_ARCH = YES;
				SWIFT_ACTIVE_COMPILATION_CONDITIONS = DEBUG;
				SWIFT_OPTIMIZATION_LEVEL = "-Onone";
			};
			name = Debug;
		};
		69CCD5132A066454004D1ED1 /* Release */ = {
			isa = XCBuildConfiguration;
			buildSettings = {
				ALWAYS_SEARCH_USER_PATHS = NO;
				CLANG_ANALYZER_NONNULL = YES;
				CLANG_ANALYZER_NUMBER_OBJECT_CONVERSION = YES_AGGRESSIVE;
				CLANG_CXX_LANGUAGE_STANDARD = "gnu++20";
				CLANG_ENABLE_MODULES = YES;
				CLANG_ENABLE_OBJC_ARC = YES;
				CLANG_ENABLE_OBJC_WEAK = YES;
				CLANG_WARN_BLOCK_CAPTURE_AUTORELEASING = YES;
				CLANG_WARN_BOOL_CONVERSION = YES;
				CLANG_WARN_COMMA = YES;
				CLANG_WARN_CONSTANT_CONVERSION = YES;
				CLANG_WARN_DEPRECATED_OBJC_IMPLEMENTATIONS = YES;
				CLANG_WARN_DIRECT_OBJC_ISA_USAGE = YES_ERROR;
				CLANG_WARN_DOCUMENTATION_COMMENTS = YES;
				CLANG_WARN_EMPTY_BODY = YES;
				CLANG_WARN_ENUM_CONVERSION = YES;
				CLANG_WARN_INFINITE_RECURSION = YES;
				CLANG_WARN_INT_CONVERSION = YES;
				CLANG_WARN_NON_LITERAL_NULL_CONVERSION = YES;
				CLANG_WARN_OBJC_IMPLICIT_RETAIN_SELF = YES;
				CLANG_WARN_OBJC_LITERAL_CONVERSION = YES;
				CLANG_WARN_OBJC_ROOT_CLASS = YES_ERROR;
				CLANG_WARN_QUOTED_INCLUDE_IN_FRAMEWORK_HEADER = YES;
				CLANG_WARN_RANGE_LOOP_ANALYSIS = YES;
				CLANG_WARN_STRICT_PROTOTYPES = YES;
				CLANG_WARN_SUSPICIOUS_MOVE = YES;
				CLANG_WARN_UNGUARDED_AVAILABILITY = YES_AGGRESSIVE;
				CLANG_WARN_UNREACHABLE_CODE = YES;
				CLANG_WARN__DUPLICATE_METHOD_MATCH = YES;
				COPY_PHASE_STRIP = NO;
				DEBUG_INFORMATION_FORMAT = "dwarf-with-dsym";
				ENABLE_NS_ASSERTIONS = NO;
				ENABLE_STRICT_OBJC_MSGSEND = YES;
				GCC_C_LANGUAGE_STANDARD = gnu11;
				GCC_NO_COMMON_BLOCKS = YES;
				GCC_WARN_64_TO_32_BIT_CONVERSION = YES;
				GCC_WARN_ABOUT_RETURN_TYPE = YES_ERROR;
				GCC_WARN_UNDECLARED_SELECTOR = YES;
				GCC_WARN_UNINITIALIZED_AUTOS = YES_AGGRESSIVE;
				GCC_WARN_UNUSED_FUNCTION = YES;
				GCC_WARN_UNUSED_VARIABLE = YES;
				IPHONEOS_DEPLOYMENT_TARGET = 17.0;
				MACOSX_DEPLOYMENT_TARGET = 13.3;
				MTL_ENABLE_DEBUG_INFO = NO;
				MTL_FAST_MATH = YES;
				SWIFT_COMPILATION_MODE = wholemodule;
				SWIFT_OPTIMIZATION_LEVEL = "-O";
			};
			name = Release;
		};
		69CCD5152A066454004D1ED1 /* Debug */ = {
			isa = XCBuildConfiguration;
			buildSettings = {
				ASSETCATALOG_COMPILER_APPICON_NAME = AppIcon;
				ASSETCATALOG_COMPILER_GLOBAL_ACCENT_COLOR_NAME = AccentColor;
				CODE_SIGN_ENTITLEMENTS = AllergyScanner/AllergyScanner.entitlements;
				CODE_SIGN_STYLE = Automatic;
				CURRENT_PROJECT_VERSION = 1;
				DEVELOPMENT_ASSET_PATHS = "\"AllergyScanner/Preview Content\"";
				DEVELOPMENT_TEAM = V32TA899QP;
				ENABLE_HARDENED_RUNTIME = YES;
				ENABLE_PREVIEWS = YES;
				GENERATE_INFOPLIST_FILE = YES;
				INFOPLIST_KEY_CFBundleDisplayName = "Ingredient Sleuth";
				INFOPLIST_KEY_LSApplicationCategoryType = "public.app-category.healthcare-fitness";
				INFOPLIST_KEY_NSCameraUsageDescription = "AllergyScanner wants to use your camera to scan the ingridients";
				INFOPLIST_KEY_NSHealthClinicalHealthRecordsShareUsageDescription = "Allow this app to writee allergy baesd content to health data.";
				INFOPLIST_KEY_NSHealthShareUsageDescription = "Allow this app to share the health data to show a overview.";
				INFOPLIST_KEY_NSHealthUpdateUsageDescription = "Allow this app to access the health data to show a overview.";
				"INFOPLIST_KEY_UIApplicationSceneManifest_Generation[sdk=iphoneos*]" = YES;
				"INFOPLIST_KEY_UIApplicationSceneManifest_Generation[sdk=iphonesimulator*]" = YES;
				"INFOPLIST_KEY_UIApplicationSupportsIndirectInputEvents[sdk=iphoneos*]" = YES;
				"INFOPLIST_KEY_UIApplicationSupportsIndirectInputEvents[sdk=iphonesimulator*]" = YES;
				"INFOPLIST_KEY_UILaunchScreen_Generation[sdk=iphoneos*]" = YES;
				"INFOPLIST_KEY_UILaunchScreen_Generation[sdk=iphonesimulator*]" = YES;
				"INFOPLIST_KEY_UIStatusBarStyle[sdk=iphoneos*]" = UIStatusBarStyleDefault;
				"INFOPLIST_KEY_UIStatusBarStyle[sdk=iphonesimulator*]" = UIStatusBarStyleDefault;
				INFOPLIST_KEY_UISupportedInterfaceOrientations_iPad = "UIInterfaceOrientationPortrait UIInterfaceOrientationPortraitUpsideDown";
				INFOPLIST_KEY_UISupportedInterfaceOrientations_iPhone = UIInterfaceOrientationPortrait;
				IPHONEOS_DEPLOYMENT_TARGET = 17.0;
				LD_RUNPATH_SEARCH_PATHS = "@executable_path/Frameworks";
				"LD_RUNPATH_SEARCH_PATHS[sdk=macosx*]" = "@executable_path/../Frameworks";
				MACOSX_DEPLOYMENT_TARGET = 13.3;
				MARKETING_VERSION = 1.0;
				PRODUCT_BUNDLE_IDENTIFIER = dcode.AllergyScanner;
				PRODUCT_NAME = "$(TARGET_NAME)";
				SDKROOT = auto;
				SUPPORTED_PLATFORMS = "iphoneos iphonesimulator macosx";
				SWIFT_EMIT_LOC_STRINGS = YES;
				SWIFT_VERSION = 5.0;
				TARGETED_DEVICE_FAMILY = "1,2";
			};
			name = Debug;
		};
		69CCD5162A066454004D1ED1 /* Release */ = {
			isa = XCBuildConfiguration;
			buildSettings = {
				ASSETCATALOG_COMPILER_APPICON_NAME = AppIcon;
				ASSETCATALOG_COMPILER_GLOBAL_ACCENT_COLOR_NAME = AccentColor;
				CODE_SIGN_ENTITLEMENTS = AllergyScanner/AllergyScanner.entitlements;
				CODE_SIGN_STYLE = Automatic;
				CURRENT_PROJECT_VERSION = 1;
				DEVELOPMENT_ASSET_PATHS = "\"AllergyScanner/Preview Content\"";
				DEVELOPMENT_TEAM = V32TA899QP;
				ENABLE_HARDENED_RUNTIME = YES;
				ENABLE_PREVIEWS = YES;
				GENERATE_INFOPLIST_FILE = YES;
				INFOPLIST_KEY_CFBundleDisplayName = "Ingredient Sleuth";
				INFOPLIST_KEY_LSApplicationCategoryType = "public.app-category.healthcare-fitness";
				INFOPLIST_KEY_NSCameraUsageDescription = "AllergyScanner wants to use your camera to scan the ingridients";
				INFOPLIST_KEY_NSHealthClinicalHealthRecordsShareUsageDescription = "Allow this app to writee allergy baesd content to health data.";
				INFOPLIST_KEY_NSHealthShareUsageDescription = "Allow this app to share the health data to show a overview.";
				INFOPLIST_KEY_NSHealthUpdateUsageDescription = "Allow this app to access the health data to show a overview.";
				"INFOPLIST_KEY_UIApplicationSceneManifest_Generation[sdk=iphoneos*]" = YES;
				"INFOPLIST_KEY_UIApplicationSceneManifest_Generation[sdk=iphonesimulator*]" = YES;
				"INFOPLIST_KEY_UIApplicationSupportsIndirectInputEvents[sdk=iphoneos*]" = YES;
				"INFOPLIST_KEY_UIApplicationSupportsIndirectInputEvents[sdk=iphonesimulator*]" = YES;
				"INFOPLIST_KEY_UILaunchScreen_Generation[sdk=iphoneos*]" = YES;
				"INFOPLIST_KEY_UILaunchScreen_Generation[sdk=iphonesimulator*]" = YES;
				"INFOPLIST_KEY_UIStatusBarStyle[sdk=iphoneos*]" = UIStatusBarStyleDefault;
				"INFOPLIST_KEY_UIStatusBarStyle[sdk=iphonesimulator*]" = UIStatusBarStyleDefault;
				INFOPLIST_KEY_UISupportedInterfaceOrientations_iPad = "UIInterfaceOrientationPortrait UIInterfaceOrientationPortraitUpsideDown";
				INFOPLIST_KEY_UISupportedInterfaceOrientations_iPhone = UIInterfaceOrientationPortrait;
				IPHONEOS_DEPLOYMENT_TARGET = 17.0;
				LD_RUNPATH_SEARCH_PATHS = "@executable_path/Frameworks";
				"LD_RUNPATH_SEARCH_PATHS[sdk=macosx*]" = "@executable_path/../Frameworks";
				MACOSX_DEPLOYMENT_TARGET = 13.3;
				MARKETING_VERSION = 1.0;
				PRODUCT_BUNDLE_IDENTIFIER = dcode.AllergyScanner;
				PRODUCT_NAME = "$(TARGET_NAME)";
				SDKROOT = auto;
				SUPPORTED_PLATFORMS = "iphoneos iphonesimulator macosx";
				SWIFT_EMIT_LOC_STRINGS = YES;
				SWIFT_VERSION = 5.0;
				TARGETED_DEVICE_FAMILY = "1,2";
			};
			name = Release;
		};
		69CCD5182A066454004D1ED1 /* Debug */ = {
			isa = XCBuildConfiguration;
			buildSettings = {
				ALWAYS_EMBED_SWIFT_STANDARD_LIBRARIES = YES;
				BUNDLE_LOADER = "$(TEST_HOST)";
				CODE_SIGN_STYLE = Automatic;
				CURRENT_PROJECT_VERSION = 1;
				DEVELOPMENT_TEAM = V32TA899QP;
				GENERATE_INFOPLIST_FILE = YES;
				IPHONEOS_DEPLOYMENT_TARGET = 16.4;
				MACOSX_DEPLOYMENT_TARGET = 13.3;
				MARKETING_VERSION = 1.0;
				PRODUCT_BUNDLE_IDENTIFIER = dcode.AllergyScannerTests;
				PRODUCT_NAME = "$(TARGET_NAME)";
				SDKROOT = auto;
				SUPPORTED_PLATFORMS = "iphoneos iphonesimulator macosx";
				SWIFT_EMIT_LOC_STRINGS = NO;
				SWIFT_VERSION = 5.0;
				TARGETED_DEVICE_FAMILY = "1,2";
				TEST_HOST = "$(BUILT_PRODUCTS_DIR)/AllergyScanner.app/$(BUNDLE_EXECUTABLE_FOLDER_PATH)/AllergyScanner";
			};
			name = Debug;
		};
		69CCD5192A066454004D1ED1 /* Release */ = {
			isa = XCBuildConfiguration;
			buildSettings = {
				ALWAYS_EMBED_SWIFT_STANDARD_LIBRARIES = YES;
				BUNDLE_LOADER = "$(TEST_HOST)";
				CODE_SIGN_STYLE = Automatic;
				CURRENT_PROJECT_VERSION = 1;
				DEVELOPMENT_TEAM = V32TA899QP;
				GENERATE_INFOPLIST_FILE = YES;
				IPHONEOS_DEPLOYMENT_TARGET = 16.4;
				MACOSX_DEPLOYMENT_TARGET = 13.3;
				MARKETING_VERSION = 1.0;
				PRODUCT_BUNDLE_IDENTIFIER = dcode.AllergyScannerTests;
				PRODUCT_NAME = "$(TARGET_NAME)";
				SDKROOT = auto;
				SUPPORTED_PLATFORMS = "iphoneos iphonesimulator macosx";
				SWIFT_EMIT_LOC_STRINGS = NO;
				SWIFT_VERSION = 5.0;
				TARGETED_DEVICE_FAMILY = "1,2";
				TEST_HOST = "$(BUILT_PRODUCTS_DIR)/AllergyScanner.app/$(BUNDLE_EXECUTABLE_FOLDER_PATH)/AllergyScanner";
			};
			name = Release;
		};
		69CCD51B2A066454004D1ED1 /* Debug */ = {
			isa = XCBuildConfiguration;
			buildSettings = {
				ALWAYS_EMBED_SWIFT_STANDARD_LIBRARIES = YES;
				CODE_SIGN_STYLE = Automatic;
				CURRENT_PROJECT_VERSION = 1;
				DEVELOPMENT_TEAM = V32TA899QP;
				GENERATE_INFOPLIST_FILE = YES;
				IPHONEOS_DEPLOYMENT_TARGET = 16.4;
				MACOSX_DEPLOYMENT_TARGET = 13.3;
				MARKETING_VERSION = 1.0;
				PRODUCT_BUNDLE_IDENTIFIER = dcode.AllergyScannerUITests;
				PRODUCT_NAME = "$(TARGET_NAME)";
				SDKROOT = auto;
				SUPPORTED_PLATFORMS = "iphoneos iphonesimulator macosx";
				SWIFT_EMIT_LOC_STRINGS = NO;
				SWIFT_VERSION = 5.0;
				TARGETED_DEVICE_FAMILY = "1,2";
				TEST_TARGET_NAME = AllergyScanner;
			};
			name = Debug;
		};
		69CCD51C2A066454004D1ED1 /* Release */ = {
			isa = XCBuildConfiguration;
			buildSettings = {
				ALWAYS_EMBED_SWIFT_STANDARD_LIBRARIES = YES;
				CODE_SIGN_STYLE = Automatic;
				CURRENT_PROJECT_VERSION = 1;
				DEVELOPMENT_TEAM = V32TA899QP;
				GENERATE_INFOPLIST_FILE = YES;
				IPHONEOS_DEPLOYMENT_TARGET = 16.4;
				MACOSX_DEPLOYMENT_TARGET = 13.3;
				MARKETING_VERSION = 1.0;
				PRODUCT_BUNDLE_IDENTIFIER = dcode.AllergyScannerUITests;
				PRODUCT_NAME = "$(TARGET_NAME)";
				SDKROOT = auto;
				SUPPORTED_PLATFORMS = "iphoneos iphonesimulator macosx";
				SWIFT_EMIT_LOC_STRINGS = NO;
				SWIFT_VERSION = 5.0;
				TARGETED_DEVICE_FAMILY = "1,2";
				TEST_TARGET_NAME = AllergyScanner;
			};
			name = Release;
		};
/* End XCBuildConfiguration section */

/* Begin XCConfigurationList section */
		69CCD4EA2A066452004D1ED1 /* Build configuration list for PBXProject "AllergyScanner" */ = {
			isa = XCConfigurationList;
			buildConfigurations = (
				69CCD5122A066454004D1ED1 /* Debug */,
				69CCD5132A066454004D1ED1 /* Release */,
			);
			defaultConfigurationIsVisible = 0;
			defaultConfigurationName = Release;
		};
		69CCD5142A066454004D1ED1 /* Build configuration list for PBXNativeTarget "AllergyScanner" */ = {
			isa = XCConfigurationList;
			buildConfigurations = (
				69CCD5152A066454004D1ED1 /* Debug */,
				69CCD5162A066454004D1ED1 /* Release */,
			);
			defaultConfigurationIsVisible = 0;
			defaultConfigurationName = Release;
		};
		69CCD5172A066454004D1ED1 /* Build configuration list for PBXNativeTarget "AllergyScannerTests" */ = {
			isa = XCConfigurationList;
			buildConfigurations = (
				69CCD5182A066454004D1ED1 /* Debug */,
				69CCD5192A066454004D1ED1 /* Release */,
			);
			defaultConfigurationIsVisible = 0;
			defaultConfigurationName = Release;
		};
		69CCD51A2A066454004D1ED1 /* Build configuration list for PBXNativeTarget "AllergyScannerUITests" */ = {
			isa = XCConfigurationList;
			buildConfigurations = (
				69CCD51B2A066454004D1ED1 /* Debug */,
				69CCD51C2A066454004D1ED1 /* Release */,
			);
			defaultConfigurationIsVisible = 0;
			defaultConfigurationName = Release;
		};
/* End XCConfigurationList section */

/* Begin XCRemoteSwiftPackageReference section */
		69EB4E852AC0B78F00BB0231 /* XCRemoteSwiftPackageReference "Factory" */ = {
			isa = XCRemoteSwiftPackageReference;
			repositoryURL = "https://github.com/hmlongco/Factory";
			requirement = {
				kind = upToNextMajorVersion;
				minimumVersion = 2.2.0;
			};
		};
/* End XCRemoteSwiftPackageReference section */

/* Begin XCSwiftPackageProductDependency section */
		69EB4E862AC0B78F00BB0231 /* Factory */ = {
			isa = XCSwiftPackageProductDependency;
			package = 69EB4E852AC0B78F00BB0231 /* XCRemoteSwiftPackageReference "Factory" */;
			productName = Factory;
		};
/* End XCSwiftPackageProductDependency section */
	};
	rootObject = 69CCD4E72A066452004D1ED1 /* Project object */;
}
